
Microsoft Visual Studio Solution File, Format Version 12.00
# Visual Studio Version 17
VisualStudioVersion = 17.9.34723.18
MinimumVisualStudioVersion = 10.0.40219.1
Project("{9A19103F-16F7-4668-BE54-9A1E7A4F7556}") = "TDMController", "TDMController\TDMController.csproj", "{F1DBEA12-DB25-441A-A784-3244A17C39B1}"
EndProject
Global
	GlobalSection(SolutionConfigurationPlatforms) = preSolution
		Debug|Any CPU = Debug|Any CPU
		Debug|x64 = Debug|x64
		Release|Any CPU = Release|Any CPU
		Release|x64 = Release|x64
		x64|Any CPU = x64|Any CPU
		x64|x64 = x64|x64
	EndGlobalSection
	GlobalSection(ProjectConfigurationPlatforms) = postSolution
		{F1DBEA12-DB25-441A-A784-3244A17C39B1}.Debug|Any CPU.ActiveCfg = Debug|Any CPU
		{F1DBEA12-DB25-441A-A784-3244A17C39B1}.Debug|Any CPU.Build.0 = Debug|Any CPU
		{F1DBEA12-DB25-441A-A784-3244A17C39B1}.Debug|x64.ActiveCfg = Debug|x64
		{F1DBEA12-DB25-441A-A784-3244A17C39B1}.Debug|x64.Build.0 = Debug|x64
		{F1DBEA12-DB25-441A-A784-3244A17C39B1}.Release|Any CPU.ActiveCfg = Release|Any CPU
		{F1DBEA12-DB25-441A-A784-3244A17C39B1}.Release|Any CPU.Build.0 = Release|Any CPU
		{F1DBEA12-DB25-441A-A784-3244A17C39B1}.Release|x64.ActiveCfg = Release|x64
		{F1DBEA12-DB25-441A-A784-3244A17C39B1}.Release|x64.Build.0 = Release|x64
		{F1DBEA12-DB25-441A-A784-3244A17C39B1}.x64|Any CPU.ActiveCfg = x64|Any CPU
		{F1DBEA12-DB25-441A-A784-3244A17C39B1}.x64|Any CPU.Build.0 = x64|Any CPU
		{F1DBEA12-DB25-441A-A784-3244A17C39B1}.x64|x64.ActiveCfg = x64|x64
		{F1DBEA12-DB25-441A-A784-3244A17C39B1}.x64|x64.Build.0 = x64|x64
	EndGlobalSection
	GlobalSection(SolutionProperties) = preSolution
		HideSolutionNode = FALSE
	EndGlobalSection
	GlobalSection(ExtensibilityGlobals) = postSolution
		SolutionGuid = {DE8CE586-E0F1-4329-B19E-76DEA61BF8A8}
	EndGlobalSection
EndGlobal
